
Microsoft Visual Studio Solution File, Format Version 12.00
# Visual Studio Version 17
VisualStudioVersion = 17.8.34330.188
MinimumVisualStudioVersion = 10.0.40219.1
Project("{FAE04EC0-301F-11D3-BF4B-00C04F79EFBC}") = "UI", "UI\UI.csproj", "{1072A86A-05A6-46FF-A8E5-9C17232739ED}"
EndProject
Project("{FAE04EC0-301F-11D3-BF4B-00C04F79EFBC}") = "Entity", "Entity\Entity.csproj", "{62C4CC84-B6A6-4379-AB44-1FF878177D38}"
EndProject
Project("{FAE04EC0-301F-11D3-BF4B-00C04F79EFBC}") = "BLL", "BLL\BLL.csproj", "{4F3A0F2C-5754-4230-85A5-FE9C3118D1D9}"
EndProject
Project("{FAE04EC0-301F-11D3-BF4B-00C04F79EFBC}") = "DAL", "DAL\DAL.csproj", "{C2EACBD2-13FA-4271-B7B9-66C82C9A3E2D}"
EndProject
Project("{FAE04EC0-301F-11D3-BF4B-00C04F79EFBC}") = "Mapper", "Mapper\Mapper.csproj", "{A7C92C71-8434-4869-9FA7-7D722BA17FF4}"
EndProject
Global
	GlobalSection(SolutionConfigurationPlatforms) = preSolution
		Debug|Any CPU = Debug|Any CPU
		Release|Any CPU = Release|Any CPU
	EndGlobalSection
	GlobalSection(ProjectConfigurationPlatforms) = postSolution
		{1072A86A-05A6-46FF-A8E5-9C17232739ED}.Debug|Any CPU.ActiveCfg = Debug|Any CPU
		{1072A86A-05A6-46FF-A8E5-9C17232739ED}.Debug|Any CPU.Build.0 = Debug|Any CPU
		{1072A86A-05A6-46FF-A8E5-9C17232739ED}.Release|Any CPU.ActiveCfg = Release|Any CPU
		{1072A86A-05A6-46FF-A8E5-9C17232739ED}.Release|Any CPU.Build.0 = Release|Any CPU
		{62C4CC84-B6A6-4379-AB44-1FF878177D38}.Debug|Any CPU.ActiveCfg = Debug|Any CPU
		{62C4CC84-B6A6-4379-AB44-1FF878177D38}.Debug|Any CPU.Build.0 = Debug|Any CPU
		{62C4CC84-B6A6-4379-AB44-1FF878177D38}.Release|Any CPU.ActiveCfg = Release|Any CPU
		{62C4CC84-B6A6-4379-AB44-1FF878177D38}.Release|Any CPU.Build.0 = Release|Any CPU
		{4F3A0F2C-5754-4230-85A5-FE9C3118D1D9}.Debug|Any CPU.ActiveCfg = Debug|Any CPU
		{4F3A0F2C-5754-4230-85A5-FE9C3118D1D9}.Debug|Any CPU.Build.0 = Debug|Any CPU
		{4F3A0F2C-5754-4230-85A5-FE9C3118D1D9}.Release|Any CPU.ActiveCfg = Release|Any CPU
		{4F3A0F2C-5754-4230-85A5-FE9C3118D1D9}.Release|Any CPU.Build.0 = Release|Any CPU
		{C2EACBD2-13FA-4271-B7B9-66C82C9A3E2D}.Debug|Any CPU.ActiveCfg = Debug|Any CPU
		{C2EACBD2-13FA-4271-B7B9-66C82C9A3E2D}.Debug|Any CPU.Build.0 = Debug|Any CPU
		{C2EACBD2-13FA-4271-B7B9-66C82C9A3E2D}.Release|Any CPU.ActiveCfg = Release|Any CPU
		{C2EACBD2-13FA-4271-B7B9-66C82C9A3E2D}.Release|Any CPU.Build.0 = Release|Any CPU
		{A7C92C71-8434-4869-9FA7-7D722BA17FF4}.Debug|Any CPU.ActiveCfg = Debug|Any CPU
		{A7C92C71-8434-4869-9FA7-7D722BA17FF4}.Debug|Any CPU.Build.0 = Debug|Any CPU
		{A7C92C71-8434-4869-9FA7-7D722BA17FF4}.Release|Any CPU.ActiveCfg = Release|Any CPU
		{A7C92C71-8434-4869-9FA7-7D722BA17FF4}.Release|Any CPU.Build.0 = Release|Any CPU
	EndGlobalSection
	GlobalSection(SolutionProperties) = preSolution
		HideSolutionNode = FALSE
	EndGlobalSection
	GlobalSection(ExtensibilityGlobals) = postSolution
		SolutionGuid = {0306A417-082E-450B-93AF-6A78E26D6B8A}
	EndGlobalSection
EndGlobal
